
Microsoft Visual Studio Solution File, Format Version 12.00
# Visual Studio Version 17
VisualStudioVersion = 17.9.34728.123
MinimumVisualStudioVersion = 10.0.40219.1
Project("{FAE04EC0-301F-11D3-BF4B-00C04F79EFBC}") = "MenuPlanningUI", "MenuPlanningUI\MenuPlanningUI.csproj", "{14AED58D-A3C7-4C0A-99E7-BC0DD564C595}"
EndProject
Global
	GlobalSection(SolutionConfigurationPlatforms) = preSolution
		Debug|Any CPU = Debug|Any CPU
		Release|Any CPU = Release|Any CPU
	EndGlobalSection
	GlobalSection(ProjectConfigurationPlatforms) = postSolution
		{14AED58D-A3C7-4C0A-99E7-BC0DD564C595}.Debug|Any CPU.ActiveCfg = Debug|Any CPU
		{14AED58D-A3C7-4C0A-99E7-BC0DD564C595}.Debug|Any CPU.Build.0 = Debug|Any CPU
		{14AED58D-A3C7-4C0A-99E7-BC0DD564C595}.Release|Any CPU.ActiveCfg = Release|Any CPU
		{14AED58D-A3C7-4C0A-99E7-BC0DD564C595}.Release|Any CPU.Build.0 = Release|Any CPU
	EndGlobalSection
	GlobalSection(SolutionProperties) = preSolution
		HideSolutionNode = FALSE
	EndGlobalSection
	GlobalSection(ExtensibilityGlobals) = postSolution
		SolutionGuid = {1C0C789B-1F3F-4BE9-B421-EB09D46A5E08}
	EndGlobalSection
EndGlobal
